// !$*UTF8*$!
{
	archiveVersion = 1;
	classes = {
	};
	objectVersion = 46;
	objects = {

/* Begin PBXBuildFile section */
		4ECC19FA1B3740A10034B572 /* AppDelegate.swift in Sources */ = {isa = PBXBuildFile; fileRef = 4ECC19F91B3740A10034B572 /* AppDelegate.swift */; };
		4ECC19FC1B3740A10034B572 /* ViewController.swift in Sources */ = {isa = PBXBuildFile; fileRef = 4ECC19FB1B3740A10034B572 /* ViewController.swift */; };
		4ECC1A011B3740A10034B572 /* Images.xcassets in Resources */ = {isa = PBXBuildFile; fileRef = 4ECC1A001B3740A10034B572 /* Images.xcassets */; };
		4ECC1A101B3740A10034B572 /* SampleNotifcationsTests.swift in Sources */ = {isa = PBXBuildFile; fileRef = 4ECC1A0F1B3740A10034B572 /* SampleNotifcationsTests.swift */; };
		4ECC1A1B1B37442C0034B572 /* GTNotificationView.swift in Sources */ = {isa = PBXBuildFile; fileRef = 4ECC1A1A1B37442C0034B572 /* GTNotificationView.swift */; };
/* End PBXBuildFile section */

/* Begin PBXContainerItemProxy section */
		4ECC1A0A1B3740A10034B572 /* PBXContainerItemProxy */ = {
			isa = PBXContainerItemProxy;
			containerPortal = 4ECC19EC1B3740A10034B572 /* Project object */;
			proxyType = 1;
			remoteGlobalIDString = 4ECC19F31B3740A10034B572;
			remoteInfo = SampleNotifcations;
		};
/* End PBXContainerItemProxy section */

/* Begin PBXFileReference section */
		4ECC19F41B3740A10034B572 /* SampleNotifcations.app */ = {isa = PBXFileReference; explicitFileType = wrapper.application; includeInIndex = 0; path = SampleNotifcations.app; sourceTree = BUILT_PRODUCTS_DIR; };
		4ECC19F81B3740A10034B572 /* Info.plist */ = {isa = PBXFileReference; lastKnownFileType = text.plist.xml; path = Info.plist; sourceTree = "<group>"; };
		4ECC19F91B3740A10034B572 /* AppDelegate.swift */ = {isa = PBXFileReference; lastKnownFileType = sourcecode.swift; path = AppDelegate.swift; sourceTree = "<group>"; };
		4ECC19FB1B3740A10034B572 /* ViewController.swift */ = {isa = PBXFileReference; lastKnownFileType = sourcecode.swift; path = ViewController.swift; sourceTree = "<group>"; };
		4ECC1A001B3740A10034B572 /* Images.xcassets */ = {isa = PBXFileReference; lastKnownFileType = folder.assetcatalog; path = Images.xcassets; sourceTree = "<group>"; };
		4ECC1A091B3740A10034B572 /* SampleNotifcationsTests.xctest */ = {isa = PBXFileReference; explicitFileType = wrapper.cfbundle; includeInIndex = 0; path = SampleNotifcationsTests.xctest; sourceTree = BUILT_PRODUCTS_DIR; };
		4ECC1A0E1B3740A10034B572 /* Info.plist */ = {isa = PBXFileReference; lastKnownFileType = text.plist.xml; path = Info.plist; sourceTree = "<group>"; };
		4ECC1A0F1B3740A10034B572 /* SampleNotifcationsTests.swift */ = {isa = PBXFileReference; lastKnownFileType = sourcecode.swift; path = SampleNotifcationsTests.swift; sourceTree = "<group>"; };
		4ECC1A1A1B37442C0034B572 /* GTNotificationView.swift */ = {isa = PBXFileReference; fileEncoding = 4; lastKnownFileType = sourcecode.swift; path = GTNotificationView.swift; sourceTree = "<group>"; };
/* End PBXFileReference section */

/* Begin PBXFrameworksBuildPhase section */
		4ECC19F11B3740A10034B572 /* Frameworks */ = {
			isa = PBXFrameworksBuildPhase;
			buildActionMask = 2147483647;
			files = (
			);
			runOnlyForDeploymentPostprocessing = 0;
		};
		4ECC1A061B3740A10034B572 /* Frameworks */ = {
			isa = PBXFrameworksBuildPhase;
			buildActionMask = 2147483647;
			files = (
			);
			runOnlyForDeploymentPostprocessing = 0;
		};
/* End PBXFrameworksBuildPhase section */

/* Begin PBXGroup section */
		4ECC19EB1B3740A10034B572 = {
			isa = PBXGroup;
			children = (
				4ECC19F61B3740A10034B572 /* SampleNotifcations */,
				4ECC1A0C1B3740A10034B572 /* SampleNotifcationsTests */,
				4ECC19F51B3740A10034B572 /* Products */,
			);
			sourceTree = "<group>";
		};
		4ECC19F51B3740A10034B572 /* Products */ = {
			isa = PBXGroup;
			children = (
				4ECC19F41B3740A10034B572 /* SampleNotifcations.app */,
				4ECC1A091B3740A10034B572 /* SampleNotifcationsTests.xctest */,
			);
			name = Products;
			sourceTree = "<group>";
		};
		4ECC19F61B3740A10034B572 /* SampleNotifcations */ = {
			isa = PBXGroup;
			children = (
				4ECC1A191B37442C0034B572 /* GTNotificationView */,
				4ECC19F91B3740A10034B572 /* AppDelegate.swift */,
				4ECC19FB1B3740A10034B572 /* ViewController.swift */,
				4ECC1A001B3740A10034B572 /* Images.xcassets */,
				4ECC19F71B3740A10034B572 /* Supporting Files */,
			);
			path = SampleNotifcations;
			sourceTree = "<group>";
		};
		4ECC19F71B3740A10034B572 /* Supporting Files */ = {
			isa = PBXGroup;
			children = (
				4ECC19F81B3740A10034B572 /* Info.plist */,
			);
			name = "Supporting Files";
			sourceTree = "<group>";
		};
		4ECC1A0C1B3740A10034B572 /* SampleNotifcationsTests */ = {
			isa = PBXGroup;
			children = (
				4ECC1A0F1B3740A10034B572 /* SampleNotifcationsTests.swift */,
				4ECC1A0D1B3740A10034B572 /* Supporting Files */,
			);
			path = SampleNotifcationsTests;
			sourceTree = "<group>";
		};
		4ECC1A0D1B3740A10034B572 /* Supporting Files */ = {
			isa = PBXGroup;
			children = (
				4ECC1A0E1B3740A10034B572 /* Info.plist */,
			);
			name = "Supporting Files";
			sourceTree = "<group>";
		};
		4ECC1A191B37442C0034B572 /* GTNotificationView */ = {
			isa = PBXGroup;
			children = (
				4ECC1A1A1B37442C0034B572 /* GTNotificationView.swift */,
			);
			name = GTNotificationView;
			path = ../../GTNotificationView;
			sourceTree = "<group>";
		};
/* End PBXGroup section */

/* Begin PBXNativeTarget section */
		4ECC19F31B3740A10034B572 /* SampleNotifcations */ = {
			isa = PBXNativeTarget;
			buildConfigurationList = 4ECC1A131B3740A10034B572 /* Build configuration list for PBXNativeTarget "SampleNotifcations" */;
			buildPhases = (
				4ECC19F01B3740A10034B572 /* Sources */,
				4ECC19F11B3740A10034B572 /* Frameworks */,
				4ECC19F21B3740A10034B572 /* Resources */,
			);
			buildRules = (
			);
			dependencies = (
			);
			name = SampleNotifcations;
			productName = SampleNotifcations;
			productReference = 4ECC19F41B3740A10034B572 /* SampleNotifcations.app */;
			productType = "com.apple.product-type.application";
		};
		4ECC1A081B3740A10034B572 /* SampleNotifcationsTests */ = {
			isa = PBXNativeTarget;
			buildConfigurationList = 4ECC1A161B3740A10034B572 /* Build configuration list for PBXNativeTarget "SampleNotifcationsTests" */;
			buildPhases = (
				4ECC1A051B3740A10034B572 /* Sources */,
				4ECC1A061B3740A10034B572 /* Frameworks */,
				4ECC1A071B3740A10034B572 /* Resources */,
			);
			buildRules = (
			);
			dependencies = (
				4ECC1A0B1B3740A10034B572 /* PBXTargetDependency */,
			);
			name = SampleNotifcationsTests;
			productName = SampleNotifcationsTests;
			productReference = 4ECC1A091B3740A10034B572 /* SampleNotifcationsTests.xctest */;
			productType = "com.apple.product-type.bundle.unit-test";
		};
/* End PBXNativeTarget section */

/* Begin PBXProject section */
		4ECC19EC1B3740A10034B572 /* Project object */ = {
			isa = PBXProject;
			attributes = {
				LastUpgradeCheck = 0630;
				ORGANIZATIONNAME = "Mathieu White";
				TargetAttributes = {
					4ECC19F31B3740A10034B572 = {
						CreatedOnToolsVersion = 6.3.2;
					};
					4ECC1A081B3740A10034B572 = {
						CreatedOnToolsVersion = 6.3.2;
						TestTargetID = 4ECC19F31B3740A10034B572;
					};
				};
			};
			buildConfigurationList = 4ECC19EF1B3740A10034B572 /* Build configuration list for PBXProject "SampleNotifcations" */;
			compatibilityVersion = "Xcode 3.2";
			developmentRegion = English;
			hasScannedForEncodings = 0;
			knownRegions = (
				en,
				Base,
			);
			mainGroup = 4ECC19EB1B3740A10034B572;
			productRefGroup = 4ECC19F51B3740A10034B572 /* Products */;
			projectDirPath = "";
			projectRoot = "";
			targets = (
				4ECC19F31B3740A10034B572 /* SampleNotifcations */,
				4ECC1A081B3740A10034B572 /* SampleNotifcationsTests */,
			);
		};
/* End PBXProject section */

/* Begin PBXResourcesBuildPhase section */
		4ECC19F21B3740A10034B572 /* Resources */ = {
			isa = PBXResourcesBuildPhase;
			buildActionMask = 2147483647;
			files = (
				4ECC1A011B3740A10034B572 /* Images.xcassets in Resources */,
			);
			runOnlyForDeploymentPostprocessing = 0;
		};
		4ECC1A071B3740A10034B572 /* Resources */ = {
			isa = PBXResourcesBuildPhase;
			buildActionMask = 2147483647;
			files = (
			);
			runOnlyForDeploymentPostprocessing = 0;
		};
/* End PBXResourcesBuildPhase section */

/* Begin PBXSourcesBuildPhase section */
		4ECC19F01B3740A10034B572 /* Sources */ = {
			isa = PBXSourcesBuildPhase;
			buildActionMask = 2147483647;
			files = (
				4ECC1A1B1B37442C0034B572 /* GTNotificationView.swift in Sources */,
				4ECC19FC1B3740A10034B572 /* ViewController.swift in Sources */,
				4ECC19FA1B3740A10034B572 /* AppDelegate.swift in Sources */,
			);
			runOnlyForDeploymentPostprocessing = 0;
		};
		4ECC1A051B3740A10034B572 /* Sources */ = {
			isa = PBXSourcesBuildPhase;
			buildActionMask = 2147483647;
			files = (
				4ECC1A101B3740A10034B572 /* SampleNotifcationsTests.swift in Sources */,
			);
			runOnlyForDeploymentPostprocessing = 0;
		};
/* End PBXSourcesBuildPhase section */

/* Begin PBXTargetDependency section */
		4ECC1A0B1B3740A10034B572 /* PBXTargetDependency */ = {
			isa = PBXTargetDependency;
			target = 4ECC19F31B3740A10034B572 /* SampleNotifcations */;
			targetProxy = 4ECC1A0A1B3740A10034B572 /* PBXContainerItemProxy */;
		};
/* End PBXTargetDependency section */

/* Begin XCBuildConfiguration section */
		4ECC1A111B3740A10034B572 /* Debug */ = {
			isa = XCBuildConfiguration;
			buildSettings = {
				ALWAYS_SEARCH_USER_PATHS = NO;
				CLANG_CXX_LANGUAGE_STANDARD = "gnu++0x";
				CLANG_CXX_LIBRARY = "libc++";
				CLANG_ENABLE_MODULES = YES;
				CLANG_ENABLE_OBJC_ARC = YES;
				CLANG_WARN_BOOL_CONVERSION = YES;
				CLANG_WARN_CONSTANT_CONVERSION = YES;
				CLANG_WARN_DIRECT_OBJC_ISA_USAGE = YES_ERROR;
				CLANG_WARN_EMPTY_BODY = YES;
				CLANG_WARN_ENUM_CONVERSION = YES;
				CLANG_WARN_INT_CONVERSION = YES;
				CLANG_WARN_OBJC_ROOT_CLASS = YES_ERROR;
				CLANG_WARN_UNREACHABLE_CODE = YES;
				CLANG_WARN__DUPLICATE_METHOD_MATCH = YES;
				"CODE_SIGN_IDENTITY[sdk=iphoneos*]" = "iPhone Developer";
				COPY_PHASE_STRIP = NO;
				DEBUG_INFORMATION_FORMAT = "dwarf-with-dsym";
				ENABLE_STRICT_OBJC_MSGSEND = YES;
				GCC_C_LANGUAGE_STANDARD = gnu99;
				GCC_DYNAMIC_NO_PIC = NO;
				GCC_NO_COMMON_BLOCKS = YES;
				GCC_OPTIMIZATION_LEVEL = 0;
				GCC_PREPROCESSOR_DEFINITIONS = (
					"DEBUG=1",
					"$(inherited)",
				);
				GCC_SYMBOLS_PRIVATE_EXTERN = NO;
				GCC_WARN_64_TO_32_BIT_CONVERSION = YES;
				GCC_WARN_ABOUT_RETURN_TYPE = YES_ERROR;
				GCC_WARN_UNDECLARED_SELECTOR = YES;
				GCC_WARN_UNINITIALIZED_AUTOS = YES_AGGRESSIVE;
				GCC_WARN_UNUSED_FUNCTION = YES;
				GCC_WARN_UNUSED_VARIABLE = YES;
				IPHONEOS_DEPLOYMENT_TARGET = 8.3;
				MTL_ENABLE_DEBUG_INFO = YES;
				ONLY_ACTIVE_ARCH = YES;
				SDKROOT = iphoneos;
				SWIFT_OPTIMIZATION_LEVEL = "-Onone";
			};
			name = Debug;
		};
		4ECC1A121B3740A10034B572 /* Release */ = {
			isa = XCBuildConfiguration;
			buildSettings = {
				ALWAYS_SEARCH_USER_PATHS = NO;
				CLANG_CXX_LANGUAGE_STANDARD = "gnu++0x";
				CLANG_CXX_LIBRARY = "libc++";
				CLANG_ENABLE_MODULES = YES;
				CLANG_ENABLE_OBJC_ARC = YES;
				CLANG_WARN_BOOL_CONVERSION = YES;
				CLANG_WARN_CONSTANT_CONVERSION = YES;
				CLANG_WARN_DIRECT_OBJC_ISA_USAGE = YES_ERROR;
				CLANG_WARN_EMPTY_BODY = YES;
				CLANG_WARN_ENUM_CONVERSION = YES;
				CLANG_WARN_INT_CONVERSION = YES;
				CLANG_WARN_OBJC_ROOT_CLASS = YES_ERROR;
				CLANG_WARN_UNREACHABLE_CODE = YES;
				CLANG_WARN__DUPLICATE_METHOD_MATCH = YES;
				"CODE_SIGN_IDENTITY[sdk=iphoneos*]" = "iPhone Developer";
				COPY_PHASE_STRIP = NO;
				DEBUG_INFORMATION_FORMAT = "dwarf-with-dsym";
				ENABLE_NS_ASSERTIONS = NO;
				ENABLE_STRICT_OBJC_MSGSEND = YES;
				GCC_C_LANGUAGE_STANDARD = gnu99;
				GCC_NO_COMMON_BLOCKS = YES;
				GCC_WARN_64_TO_32_BIT_CONVERSION = YES;
				GCC_WARN_ABOUT_RETURN_TYPE = YES_ERROR;
				GCC_WARN_UNDECLARED_SELECTOR = YES;
				GCC_WARN_UNINITIALIZED_AUTOS = YES_AGGRESSIVE;
				GCC_WARN_UNUSED_FUNCTION = YES;
				GCC_WARN_UNUSED_VARIABLE = YES;
				IPHONEOS_DEPLOYMENT_TARGET = 8.3;
				MTL_ENABLE_DEBUG_INFO = NO;
				SDKROOT = iphoneos;
				VALIDATE_PRODUCT = YES;
			};
			name = Release;
		};
		4ECC1A141B3740A10034B572 /* Debug */ = {
			isa = XCBuildConfiguration;
			buildSettings = {
				ASSETCATALOG_COMPILER_APPICON_NAME = AppIcon;
				ASSETCATALOG_COMPILER_LAUNCHIMAGE_NAME = LaunchImage;
				INFOPLIST_FILE = SampleNotifcations/Info.plist;
				IPHONEOS_DEPLOYMENT_TARGET = 8.0;
				LD_RUNPATH_SEARCH_PATHS = "$(inherited) @executable_path/Frameworks";
				PRODUCT_NAME = "$(TARGET_NAME)";
			};
			name = Debug;
		};
		4ECC1A151B3740A10034B572 /* Release */ = {
			isa = XCBuildConfiguration;
			buildSettings = {
				ASSETCATALOG_COMPILER_APPICON_NAME = AppIcon;
				ASSETCATALOG_COMPILER_LAUNCHIMAGE_NAME = LaunchImage;
				INFOPLIST_FILE = SampleNotifcations/Info.plist;
				IPHONEOS_DEPLOYMENT_TARGET = 8.0;
				LD_RUNPATH_SEARCH_PATHS = "$(inherited) @executable_path/Frameworks";
				PRODUCT_NAME = "$(TARGET_NAME)";
			};
			name = Release;
		};
		4ECC1A171B3740A10034B572 /* Debug */ = {
			isa = XCBuildConfiguration;
			buildSettings = {
				BUNDLE_LOADER = "$(TEST_HOST)";
				FRAMEWORK_SEARCH_PATHS = (
					"$(SDKROOT)/Developer/Library/Frameworks",
					"$(inherited)",
				);
				GCC_PREPROCESSOR_DEFINITIONS = (
					"DEBUG=1",
					"$(inherited)",
				);
				INFOPLIST_FILE = SampleNotifcationsTests/Info.plist;
				LD_RUNPATH_SEARCH_PATHS = "$(inherited) @executable_path/Frameworks @loader_path/Frameworks";
				PRODUCT_NAME = "$(TARGET_NAME)";
				TEST_HOST = "$(BUILT_PRODUCTS_DIR)/SampleNotifcations.app/SampleNotifcations";
			};
			name = Debug;
		};
		4ECC1A181B3740A10034B572 /* Release */ = {
			isa = XCBuildConfiguration;
			buildSettings = {
				BUNDLE_LOADER = "$(TEST_HOST)";
				FRAMEWORK_SEARCH_PATHS = (
					"$(SDKROOT)/Developer/Library/Frameworks",
					"$(inherited)",
				);
				INFOPLIST_FILE = SampleNotifcationsTests/Info.plist;
				LD_RUNPATH_SEARCH_PATHS = "$(inherited) @executable_path/Frameworks @loader_path/Frameworks";
				PRODUCT_NAME = "$(TARGET_NAME)";
				TEST_HOST = "$(BUILT_PRODUCTS_DIR)/SampleNotifcations.app/SampleNotifcations";
			};
			name = Release;
		};
/* End XCBuildConfiguration section */

/* Begin XCConfigurationList section */
		4ECC19EF1B3740A10034B572 /* Build configuration list for PBXProject "SampleNotifcations" */ = {
			isa = XCConfigurationList;
			buildConfigurations = (
				4ECC1A111B3740A10034B572 /* Debug */,
				4ECC1A121B3740A10034B572 /* Release */,
			);
			defaultConfigurationIsVisible = 0;
			defaultConfigurationName = Release;
		};
		4ECC1A131B3740A10034B572 /* Build configuration list for PBXNativeTarget "SampleNotifcations" */ = {
			isa = XCConfigurationList;
			buildConfigurations = (
				4ECC1A141B3740A10034B572 /* Debug */,
				4ECC1A151B3740A10034B572 /* Release */,
			);
			defaultConfigurationIsVisible = 0;
		};
		4ECC1A161B3740A10034B572 /* Build configuration list for PBXNativeTarget "SampleNotifcationsTests" */ = {
			isa = XCConfigurationList;
			buildConfigurations = (
				4ECC1A171B3740A10034B572 /* Debug */,
				4ECC1A181B3740A10034B572 /* Release */,
			);
			defaultConfigurationIsVisible = 0;
		};
/* End XCConfigurationList section */
	};
	rootObject = 4ECC19EC1B3740A10034B572 /* Project object */;
}
